// !$*UTF8*$!
{
	archiveVersion = 1;
	classes = {
	};
	objectVersion = 46;
	objects = {

/* Begin PBXBuildFile section */
		196637391F98D0330031E386 /* HomeMenuViewController.swift in Sources */ = {isa = PBXBuildFile; fileRef = 196637381F98D0330031E386 /* HomeMenuViewController.swift */; };
		19DA26CA1F91FB9600C659B4 /* AppDelegate.swift in Sources */ = {isa = PBXBuildFile; fileRef = 19DA26C91F91FB9600C659B4 /* AppDelegate.swift */; };
		19DA26CC1F91FB9600C659B4 /* ViewController.swift in Sources */ = {isa = PBXBuildFile; fileRef = 19DA26CB1F91FB9600C659B4 /* ViewController.swift */; };
		19DA26CF1F91FB9600C659B4 /* Main.storyboard in Resources */ = {isa = PBXBuildFile; fileRef = 19DA26CD1F91FB9600C659B4 /* Main.storyboard */; };
		19DA26D11F91FB9600C659B4 /* Assets.xcassets in Resources */ = {isa = PBXBuildFile; fileRef = 19DA26D01F91FB9600C659B4 /* Assets.xcassets */; };
		19DA26D41F91FB9600C659B4 /* LaunchScreen.storyboard in Resources */ = {isa = PBXBuildFile; fileRef = 19DA26D21F91FB9600C659B4 /* LaunchScreen.storyboard */; };
		19DA27031F922F1000C659B4 /* HomeTableViewController.swift in Sources */ = {isa = PBXBuildFile; fileRef = 19DA27021F922F1000C659B4 /* HomeTableViewController.swift */; };
		19DA27171F92655E00C659B4 /* MainViewController.swift in Sources */ = {isa = PBXBuildFile; fileRef = 19DA27161F92655E00C659B4 /* MainViewController.swift */; };
		19DA27191F92667B00C659B4 /* Home.storyboard in Resources */ = {isa = PBXBuildFile; fileRef = 19DA27181F92667B00C659B4 /* Home.storyboard */; };
		19DA271C1F92683D00C659B4 /* Compose.storyboard in Resources */ = {isa = PBXBuildFile; fileRef = 19DA271B1F92683D00C659B4 /* Compose.storyboard */; };
		19DA271E1F92690600C659B4 /* Discover.storyboard in Resources */ = {isa = PBXBuildFile; fileRef = 19DA271D1F92690600C659B4 /* Discover.storyboard */; };
		19DA27201F92695900C659B4 /* Message.storyboard in Resources */ = {isa = PBXBuildFile; fileRef = 19DA271F1F92695900C659B4 /* Message.storyboard */; };
		19DA27221F92698D00C659B4 /* Me.storyboard in Resources */ = {isa = PBXBuildFile; fileRef = 19DA27211F92698D00C659B4 /* Me.storyboard */; };
		19DA27241F92739F00C659B4 /* HomeTableViewCell.swift in Sources */ = {isa = PBXBuildFile; fileRef = 19DA27231F92739F00C659B4 /* HomeTableViewCell.swift */; };
		19DA27271F93125500C659B4 /* UIButton+Extension.swift in Sources */ = {isa = PBXBuildFile; fileRef = 19DA27261F93125500C659B4 /* UIButton+Extension.swift */; };
		19DA272A1F931F9D00C659B4 /* User.swift in Sources */ = {isa = PBXBuildFile; fileRef = 19DA27291F931F9D00C659B4 /* User.swift */; };
		19DA272C1F9322D000C659B4 /* Status.swift in Sources */ = {isa = PBXBuildFile; fileRef = 19DA272B1F9322D000C659B4 /* Status.swift */; };
		BDB423B5D910F7919A7ADADB /* Pods_weibo.framework in Frameworks */ = {isa = PBXBuildFile; fileRef = DC32604118224C892529D204 /* Pods_weibo.framework */; };
/* End PBXBuildFile section */

/* Begin PBXFileReference section */
		106EEB35FA120E3D5AD758EC /* Pods-weibo.release.xcconfig */ = {isa = PBXFileReference; includeInIndex = 1; lastKnownFileType = text.xcconfig; name = "Pods-weibo.release.xcconfig"; path = "Pods/Target Support Files/Pods-weibo/Pods-weibo.release.xcconfig"; sourceTree = "<group>"; };
		196637381F98D0330031E386 /* HomeMenuViewController.swift */ = {isa = PBXFileReference; fileEncoding = 4; lastKnownFileType = sourcecode.swift; name = HomeMenuViewController.swift; path = ../View/HomeMenuViewController.swift; sourceTree = "<group>"; };
		19DA26C61F91FB9600C659B4 /* weibo.app */ = {isa = PBXFileReference; explicitFileType = wrapper.application; includeInIndex = 0; path = weibo.app; sourceTree = BUILT_PRODUCTS_DIR; };
		19DA26C91F91FB9600C659B4 /* AppDelegate.swift */ = {isa = PBXFileReference; lastKnownFileType = sourcecode.swift; path = AppDelegate.swift; sourceTree = "<group>"; };
		19DA26CB1F91FB9600C659B4 /* ViewController.swift */ = {isa = PBXFileReference; lastKnownFileType = sourcecode.swift; path = ViewController.swift; sourceTree = "<group>"; };
		19DA26CE1F91FB9600C659B4 /* Base */ = {isa = PBXFileReference; lastKnownFileType = file.storyboard; name = Base; path = Base.lproj/Main.storyboard; sourceTree = "<group>"; };
		19DA26D01F91FB9600C659B4 /* Assets.xcassets */ = {isa = PBXFileReference; lastKnownFileType = folder.assetcatalog; path = Assets.xcassets; sourceTree = "<group>"; };
		19DA26D31F91FB9600C659B4 /* Base */ = {isa = PBXFileReference; lastKnownFileType = file.storyboard; name = Base; path = Base.lproj/LaunchScreen.storyboard; sourceTree = "<group>"; };
		19DA26D51F91FB9600C659B4 /* Info.plist */ = {isa = PBXFileReference; lastKnownFileType = text.plist.xml; path = Info.plist; sourceTree = "<group>"; };
		19DA27021F922F1000C659B4 /* HomeTableViewController.swift */ = {isa = PBXFileReference; fileEncoding = 4; lastKnownFileType = sourcecode.swift; path = HomeTableViewController.swift; sourceTree = "<group>"; };
		19DA27161F92655E00C659B4 /* MainViewController.swift */ = {isa = PBXFileReference; fileEncoding = 4; lastKnownFileType = sourcecode.swift; path = MainViewController.swift; sourceTree = "<group>"; };
		19DA27181F92667B00C659B4 /* Home.storyboard */ = {isa = PBXFileReference; fileEncoding = 4; lastKnownFileType = file.storyboard; path = Home.storyboard; sourceTree = "<group>"; };
		19DA271B1F92683D00C659B4 /* Compose.storyboard */ = {isa = PBXFileReference; fileEncoding = 4; lastKnownFileType = file.storyboard; path = Compose.storyboard; sourceTree = "<group>"; };
		19DA271D1F92690600C659B4 /* Discover.storyboard */ = {isa = PBXFileReference; fileEncoding = 4; lastKnownFileType = file.storyboard; path = Discover.storyboard; sourceTree = "<group>"; };
		19DA271F1F92695900C659B4 /* Message.storyboard */ = {isa = PBXFileReference; fileEncoding = 4; lastKnownFileType = file.storyboard; name = Message.storyboard; path = "weibo/Classes/Discover(发现)/Message.storyboard"; sourceTree = SOURCE_ROOT; };
		19DA27211F92698D00C659B4 /* Me.storyboard */ = {isa = PBXFileReference; fileEncoding = 4; lastKnownFileType = file.storyboard; path = Me.storyboard; sourceTree = "<group>"; };
		19DA27231F92739F00C659B4 /* HomeTableViewCell.swift */ = {isa = PBXFileReference; fileEncoding = 4; lastKnownFileType = sourcecode.swift; path = HomeTableViewCell.swift; sourceTree = "<group>"; };
		19DA27261F93125500C659B4 /* UIButton+Extension.swift */ = {isa = PBXFileReference; fileEncoding = 4; lastKnownFileType = sourcecode.swift; path = "UIButton+Extension.swift"; sourceTree = "<group>"; };
		19DA27291F931F9D00C659B4 /* User.swift */ = {isa = PBXFileReference; fileEncoding = 4; lastKnownFileType = sourcecode.swift; path = User.swift; sourceTree = "<group>"; };
		19DA272B1F9322D000C659B4 /* Status.swift */ = {isa = PBXFileReference; fileEncoding = 4; lastKnownFileType = sourcecode.swift; path = Status.swift; sourceTree = "<group>"; };
		DC32604118224C892529D204 /* Pods_weibo.framework */ = {isa = PBXFileReference; explicitFileType = wrapper.framework; includeInIndex = 0; path = Pods_weibo.framework; sourceTree = BUILT_PRODUCTS_DIR; };
		EDF4CAB0B453413255F49181 /* Pods-weibo.debug.xcconfig */ = {isa = PBXFileReference; includeInIndex = 1; lastKnownFileType = text.xcconfig; name = "Pods-weibo.debug.xcconfig"; path = "Pods/Target Support Files/Pods-weibo/Pods-weibo.debug.xcconfig"; sourceTree = "<group>"; };
/* End PBXFileReference section */

/* Begin PBXFrameworksBuildPhase section */
		19DA26C31F91FB9600C659B4 /* Frameworks */ = {
			isa = PBXFrameworksBuildPhase;
			buildActionMask = 2147483647;
			files = (
				BDB423B5D910F7919A7ADADB /* Pods_weibo.framework in Frameworks */,
			);
			runOnlyForDeploymentPostprocessing = 0;
		};
/* End PBXFrameworksBuildPhase section */

/* Begin PBXGroup section */
		19DA26BD1F91FB9600C659B4 = {
			isa = PBXGroup;
			children = (
				19DA26C81F91FB9600C659B4 /* weibo */,
				19DA26C71F91FB9600C659B4 /* Products */,
				57771699603490A4BA9B384F /* Pods */,
				E37C7E24CE930F814843E9CF /* Frameworks */,
			);
			sourceTree = "<group>";
		};
		19DA26C71F91FB9600C659B4 /* Products */ = {
			isa = PBXGroup;
			children = (
				19DA26C61F91FB9600C659B4 /* weibo.app */,
			);
			name = Products;
			sourceTree = "<group>";
		};
		19DA26C81F91FB9600C659B4 /* weibo */ = {
			isa = PBXGroup;
			children = (
				19DA26E81F920E2600C659B4 /* Classes */,
				19DA26C91F91FB9600C659B4 /* AppDelegate.swift */,
				19DA26CB1F91FB9600C659B4 /* ViewController.swift */,
				19DA26D01F91FB9600C659B4 /* Assets.xcassets */,
				19DA26D21F91FB9600C659B4 /* LaunchScreen.storyboard */,
				19DA26D51F91FB9600C659B4 /* Info.plist */,
			);
			path = weibo;
			sourceTree = "<group>";
		};
		19DA26E81F920E2600C659B4 /* Classes */ = {
			isa = PBXGroup;
			children = (
				19DA271A1F92682900C659B4 /* Compose */,
				19DA27131F92649300C659B4 /* Main(主要) */,
				19DA26ED1F920F2000C659B4 /* Tools(工具) */,
				19DA26EC1F920F0B00C659B4 /* Discover(发现) */,
				19DA26EB1F920EA200C659B4 /* Me(我) */,
				19DA26EA1F920E6800C659B4 /* Message(消息) */,
				19DA26E91F920E6800C659B4 /* Home(首页) */,
			);
			path = Classes;
			sourceTree = "<group>";
		};
		19DA26E91F920E6800C659B4 /* Home(首页) */ = {
			isa = PBXGroup;
			children = (
				19DA27281F931F7500C659B4 /* Model */,
				19DA26FD1F922E8800C659B4 /* View */,
				19DA26FC1F922E6F00C659B4 /* Controller */,
			);
			path = "Home(首页)";
			sourceTree = "<group>";
		};
		19DA26EA1F920E6800C659B4 /* Message(消息) */ = {
			isa = PBXGroup;
			children = (
				19DA271F1F92695900C659B4 /* Message.storyboard */,
			);
			name = "Message(消息)";
			path = "Home(首页)/Message(消息)";
			sourceTree = "<group>";
		};
		19DA26EB1F920EA200C659B4 /* Me(我) */ = {
			isa = PBXGroup;
			children = (
				19DA27211F92698D00C659B4 /* Me.storyboard */,
			);
			path = "Me(我)";
			sourceTree = "<group>";
		};
		19DA26EC1F920F0B00C659B4 /* Discover(发现) */ = {
			isa = PBXGroup;
			children = (
				19DA271D1F92690600C659B4 /* Discover.storyboard */,
			);
			path = "Discover(发现)";
			sourceTree = "<group>";
		};
		19DA26ED1F920F2000C659B4 /* Tools(工具) */ = {
			isa = PBXGroup;
			children = (
				19DA27251F93124300C659B4 /* Extension */,
			);
			path = "Tools(工具)";
			sourceTree = "<group>";
		};
		19DA26FC1F922E6F00C659B4 /* Controller */ = {
			isa = PBXGroup;
			children = (
				19DA27021F922F1000C659B4 /* HomeTableViewController.swift */,
				196637381F98D0330031E386 /* HomeMenuViewController.swift */,
			);
			path = Controller;
			sourceTree = "<group>";
		};
		19DA26FD1F922E8800C659B4 /* View */ = {
			isa = PBXGroup;
			children = (
				19DA27181F92667B00C659B4 /* Home.storyboard */,
				19DA27231F92739F00C659B4 /* HomeTableViewCell.swift */,
			);
			path = View;
			sourceTree = "<group>";
		};
		19DA27131F92649300C659B4 /* Main(主要) */ = {
			isa = PBXGroup;
			children = (
				19DA27161F92655E00C659B4 /* MainViewController.swift */,
				19DA26CD1F91FB9600C659B4 /* Main.storyboard */,
			);
			path = "Main(主要)";
			sourceTree = "<group>";
		};
		19DA271A1F92682900C659B4 /* Compose */ = {
			isa = PBXGroup;
			children = (
				19DA271B1F92683D00C659B4 /* Compose.storyboard */,
			);
			path = Compose;
			sourceTree = "<group>";
		};
		19DA27251F93124300C659B4 /* Extension */ = {
			isa = PBXGroup;
			children = (
				19DA27261F93125500C659B4 /* UIButton+Extension.swift */,
			);
			path = Extension;
			sourceTree = "<group>";
		};
		19DA27281F931F7500C659B4 /* Model */ = {
			isa = PBXGroup;
			children = (
				19DA27291F931F9D00C659B4 /* User.swift */,
				19DA272B1F9322D000C659B4 /* Status.swift */,
			);
			path = Model;
			sourceTree = "<group>";
		};
		57771699603490A4BA9B384F /* Pods */ = {
			isa = PBXGroup;
			children = (
				EDF4CAB0B453413255F49181 /* Pods-weibo.debug.xcconfig */,
				106EEB35FA120E3D5AD758EC /* Pods-weibo.release.xcconfig */,
			);
			name = Pods;
			sourceTree = "<group>";
		};
		E37C7E24CE930F814843E9CF /* Frameworks */ = {
			isa = PBXGroup;
			children = (
				DC32604118224C892529D204 /* Pods_weibo.framework */,
			);
			name = Frameworks;
			sourceTree = "<group>";
		};
/* End PBXGroup section */

/* Begin PBXNativeTarget section */
		19DA26C51F91FB9600C659B4 /* weibo */ = {
			isa = PBXNativeTarget;
			buildConfigurationList = 19DA26D81F91FB9600C659B4 /* Build configuration list for PBXNativeTarget "weibo" */;
			buildPhases = (
				9BC92DE2FBE1241194291A59 /* [CP] Check Pods Manifest.lock */,
				19DA26C21F91FB9600C659B4 /* Sources */,
				19DA26C31F91FB9600C659B4 /* Frameworks */,
				19DA26C41F91FB9600C659B4 /* Resources */,
				D212D112513319D316845768 /* [CP] Embed Pods Frameworks */,
				A9BE089651E8A34F62D7D0B2 /* [CP] Copy Pods Resources */,
			);
			buildRules = (
			);
			dependencies = (
			);
			name = weibo;
			productName = weibo;
			productReference = 19DA26C61F91FB9600C659B4 /* weibo.app */;
			productType = "com.apple.product-type.application";
		};
/* End PBXNativeTarget section */

/* Begin PBXProject section */
		19DA26BE1F91FB9600C659B4 /* Project object */ = {
			isa = PBXProject;
			attributes = {
				LastSwiftUpdateCheck = 0830;
				LastUpgradeCheck = 0830;
				ORGANIZATIONNAME = sunyc;
				TargetAttributes = {
					19DA26C51F91FB9600C659B4 = {
						CreatedOnToolsVersion = 8.3.3;
						DevelopmentTeam = F944EVG5N6;
						ProvisioningStyle = Automatic;
					};
				};
			};
			buildConfigurationList = 19DA26C11F91FB9600C659B4 /* Build configuration list for PBXProject "weibo" */;
			compatibilityVersion = "Xcode 3.2";
			developmentRegion = English;
			hasScannedForEncodings = 0;
			knownRegions = (
				en,
				Base,
			);
			mainGroup = 19DA26BD1F91FB9600C659B4;
			productRefGroup = 19DA26C71F91FB9600C659B4 /* Products */;
			projectDirPath = "";
			projectRoot = "";
			targets = (
				19DA26C51F91FB9600C659B4 /* weibo */,
			);
		};
/* End PBXProject section */

/* Begin PBXResourcesBuildPhase section */
		19DA26C41F91FB9600C659B4 /* Resources */ = {
			isa = PBXResourcesBuildPhase;
			buildActionMask = 2147483647;
			files = (
				19DA26D41F91FB9600C659B4 /* LaunchScreen.storyboard in Resources */,
				19DA26D11F91FB9600C659B4 /* Assets.xcassets in Resources */,
				19DA271C1F92683D00C659B4 /* Compose.storyboard in Resources */,
				19DA26CF1F91FB9600C659B4 /* Main.storyboard in Resources */,
				19DA27191F92667B00C659B4 /* Home.storyboard in Resources */,
				19DA271E1F92690600C659B4 /* Discover.storyboard in Resources */,
				19DA27221F92698D00C659B4 /* Me.storyboard in Resources */,
				19DA27201F92695900C659B4 /* Message.storyboard in Resources */,
			);
			runOnlyForDeploymentPostprocessing = 0;
		};
/* End PBXResourcesBuildPhase section */

/* Begin PBXShellScriptBuildPhase section */
		9BC92DE2FBE1241194291A59 /* [CP] Check Pods Manifest.lock */ = {
			isa = PBXShellScriptBuildPhase;
			buildActionMask = 2147483647;
			files = (
			);
			inputPaths = (
				"${PODS_PODFILE_DIR_PATH}/Podfile.lock",
				"${PODS_ROOT}/Manifest.lock",
			);
			name = "[CP] Check Pods Manifest.lock";
			outputPaths = (
				"$(DERIVED_FILE_DIR)/Pods-weibo-checkManifestLockResult.txt",
			);
			runOnlyForDeploymentPostprocessing = 0;
			shellPath = /bin/sh;
			shellScript = "diff \"${PODS_PODFILE_DIR_PATH}/Podfile.lock\" \"${PODS_ROOT}/Manifest.lock\" > /dev/null\nif [ $? != 0 ] ; then\n    # print error to STDERR\n    echo \"error: The sandbox is not in sync with the Podfile.lock. Run 'pod install' or update your CocoaPods installation.\" >&2\n    exit 1\nfi\n# This output is used by Xcode 'outputs' to avoid re-running this script phase.\necho \"SUCCESS\" > \"${SCRIPT_OUTPUT_FILE_0}\"\n";
			showEnvVarsInLog = 0;
		};
		A9BE089651E8A34F62D7D0B2 /* [CP] Copy Pods Resources */ = {
			isa = PBXShellScriptBuildPhase;
			buildActionMask = 2147483647;
			files = (
			);
			inputPaths = (
			);
			name = "[CP] Copy Pods Resources";
			outputPaths = (
			);
			runOnlyForDeploymentPostprocessing = 0;
			shellPath = /bin/sh;
			shellScript = "\"${SRCROOT}/Pods/Target Support Files/Pods-weibo/Pods-weibo-resources.sh\"\n";
			showEnvVarsInLog = 0;
		};
		D212D112513319D316845768 /* [CP] Embed Pods Frameworks */ = {
			isa = PBXShellScriptBuildPhase;
			buildActionMask = 2147483647;
			files = (
			);
			inputPaths = (
				"${SRCROOT}/Pods/Target Support Files/Pods-weibo/Pods-weibo-frameworks.sh",
				"${BUILT_PRODUCTS_DIR}/Alamofire/Alamofire.framework",
				"${BUILT_PRODUCTS_DIR}/AlamofireImage/AlamofireImage.framework",
				"${BUILT_PRODUCTS_DIR}/CRRefresh/CRRefresh.framework",
				"${BUILT_PRODUCTS_DIR}/ESTabBarController-swift/ESTabBarController_swift.framework",
				"${BUILT_PRODUCTS_DIR}/HandyJSON/HandyJSON.framework",
				"${BUILT_PRODUCTS_DIR}/Kingfisher/Kingfisher.framework",
				"${BUILT_PRODUCTS_DIR}/SnapKit/SnapKit.framework",
				"${BUILT_PRODUCTS_DIR}/SwiftDate/SwiftDate.framework",
				"${BUILT_PRODUCTS_DIR}/SwiftPopMenu/SwiftPopMenu.framework",
				"${BUILT_PRODUCTS_DIR}/SwiftyJSON/SwiftyJSON.framework",
			);
			name = "[CP] Embed Pods Frameworks";
			outputPaths = (
				"${TARGET_BUILD_DIR}/${FRAMEWORKS_FOLDER_PATH}/Alamofire.framework",
				"${TARGET_BUILD_DIR}/${FRAMEWORKS_FOLDER_PATH}/AlamofireImage.framework",
				"${TARGET_BUILD_DIR}/${FRAMEWORKS_FOLDER_PATH}/CRRefresh.framework",
				"${TARGET_BUILD_DIR}/${FRAMEWORKS_FOLDER_PATH}/ESTabBarController_swift.framework",
				"${TARGET_BUILD_DIR}/${FRAMEWORKS_FOLDER_PATH}/HandyJSON.framework",
				"${TARGET_BUILD_DIR}/${FRAMEWORKS_FOLDER_PATH}/Kingfisher.framework",
				"${TARGET_BUILD_DIR}/${FRAMEWORKS_FOLDER_PATH}/SnapKit.framework",
				"${TARGET_BUILD_DIR}/${FRAMEWORKS_FOLDER_PATH}/SwiftDate.framework",
				"${TARGET_BUILD_DIR}/${FRAMEWORKS_FOLDER_PATH}/SwiftPopMenu.framework",
				"${TARGET_BUILD_DIR}/${FRAMEWORKS_FOLDER_PATH}/SwiftyJSON.framework",
			);
			runOnlyForDeploymentPostprocessing = 0;
			shellPath = /bin/sh;
			shellScript = "\"${SRCROOT}/Pods/Target Support Files/Pods-weibo/Pods-weibo-frameworks.sh\"\n";
			showEnvVarsInLog = 0;
		};
/* End PBXShellScriptBuildPhase section */

/* Begin PBXSourcesBuildPhase section */
		19DA26C21F91FB9600C659B4 /* Sources */ = {
			isa = PBXSourcesBuildPhase;
			buildActionMask = 2147483647;
			files = (
				19DA27031F922F1000C659B4 /* HomeTableViewController.swift in Sources */,
				19DA27241F92739F00C659B4 /* HomeTableViewCell.swift in Sources */,
				19DA26CC1F91FB9600C659B4 /* ViewController.swift in Sources */,
				19DA272C1F9322D000C659B4 /* Status.swift in Sources */,
				196637391F98D0330031E386 /* HomeMenuViewController.swift in Sources */,
				19DA26CA1F91FB9600C659B4 /* AppDelegate.swift in Sources */,
				19DA27171F92655E00C659B4 /* MainViewController.swift in Sources */,
				19DA27271F93125500C659B4 /* UIButton+Extension.swift in Sources */,
				19DA272A1F931F9D00C659B4 /* User.swift in Sources */,
			);
			runOnlyForDeploymentPostprocessing = 0;
		};
/* End PBXSourcesBuildPhase section */

/* Begin PBXVariantGroup section */
		19DA26CD1F91FB9600C659B4 /* Main.storyboard */ = {
			isa = PBXVariantGroup;
			children = (
				19DA26CE1F91FB9600C659B4 /* Base */,
			);
			name = Main.storyboard;
			path = ../..;
			sourceTree = "<group>";
		};
		19DA26D21F91FB9600C659B4 /* LaunchScreen.storyboard */ = {
			isa = PBXVariantGroup;
			children = (
				19DA26D31F91FB9600C659B4 /* Base */,
			);
			name = LaunchScreen.storyboard;
			sourceTree = "<group>";
		};
/* End PBXVariantGroup section */

/* Begin XCBuildConfiguration section */
		19DA26D61F91FB9600C659B4 /* Debug */ = {
			isa = XCBuildConfiguration;
			buildSettings = {
				ALWAYS_SEARCH_USER_PATHS = NO;
				CLANG_ANALYZER_NONNULL = YES;
				CLANG_ANALYZER_NUMBER_OBJECT_CONVERSION = YES_AGGRESSIVE;
				CLANG_CXX_LANGUAGE_STANDARD = "gnu++0x";
				CLANG_CXX_LIBRARY = "libc++";
				CLANG_ENABLE_MODULES = YES;
				CLANG_ENABLE_OBJC_ARC = YES;
				CLANG_WARN_BOOL_CONVERSION = YES;
				CLANG_WARN_CONSTANT_CONVERSION = YES;
				CLANG_WARN_DIRECT_OBJC_ISA_USAGE = YES_ERROR;
				CLANG_WARN_DOCUMENTATION_COMMENTS = YES;
				CLANG_WARN_EMPTY_BODY = YES;
				CLANG_WARN_ENUM_CONVERSION = YES;
				CLANG_WARN_INFINITE_RECURSION = YES;
				CLANG_WARN_INT_CONVERSION = YES;
				CLANG_WARN_OBJC_ROOT_CLASS = YES_ERROR;
				CLANG_WARN_SUSPICIOUS_MOVE = YES;
				CLANG_WARN_UNREACHABLE_CODE = YES;
				CLANG_WARN__DUPLICATE_METHOD_MATCH = YES;
				"CODE_SIGN_IDENTITY[sdk=iphoneos*]" = "iPhone Developer";
				COPY_PHASE_STRIP = NO;
				DEBUG_INFORMATION_FORMAT = dwarf;
				ENABLE_STRICT_OBJC_MSGSEND = YES;
				ENABLE_TESTABILITY = YES;
				GCC_C_LANGUAGE_STANDARD = gnu99;
				GCC_DYNAMIC_NO_PIC = NO;
				GCC_NO_COMMON_BLOCKS = YES;
				GCC_OPTIMIZATION_LEVEL = 0;
				GCC_PREPROCESSOR_DEFINITIONS = (
					"DEBUG=1",
					"$(inherited)",
				);
				GCC_WARN_64_TO_32_BIT_CONVERSION = YES;
				GCC_WARN_ABOUT_RETURN_TYPE = YES_ERROR;
				GCC_WARN_UNDECLARED_SELECTOR = YES;
				GCC_WARN_UNINITIALIZED_AUTOS = YES_AGGRESSIVE;
				GCC_WARN_UNUSED_FUNCTION = YES;
				GCC_WARN_UNUSED_VARIABLE = YES;
				IPHONEOS_DEPLOYMENT_TARGET = 10.3;
				MTL_ENABLE_DEBUG_INFO = YES;
				ONLY_ACTIVE_ARCH = YES;
				SDKROOT = iphoneos;
				SWIFT_ACTIVE_COMPILATION_CONDITIONS = DEBUG;
				SWIFT_OPTIMIZATION_LEVEL = "-Onone";
			};
			name = Debug;
		};
		19DA26D71F91FB9600C659B4 /* Release */ = {
			isa = XCBuildConfiguration;
			buildSettings = {
				ALWAYS_SEARCH_USER_PATHS = NO;
				CLANG_ANALYZER_NONNULL = YES;
				CLANG_ANALYZER_NUMBER_OBJECT_CONVERSION = YES_AGGRESSIVE;
				CLANG_CXX_LANGUAGE_STANDARD = "gnu++0x";
				CLANG_CXX_LIBRARY = "libc++";
				CLANG_ENABLE_MODULES = YES;
				CLANG_ENABLE_OBJC_ARC = YES;
				CLANG_WARN_BOOL_CONVERSION = YES;
				CLANG_WARN_CONSTANT_CONVERSION = YES;
				CLANG_WARN_DIRECT_OBJC_ISA_USAGE = YES_ERROR;
				CLANG_WARN_DOCUMENTATION_COMMENTS = YES;
				CLANG_WARN_EMPTY_BODY = YES;
				CLANG_WARN_ENUM_CONVERSION = YES;
				CLANG_WARN_INFINITE_RECURSION = YES;
				CLANG_WARN_INT_CONVERSION = YES;
				CLANG_WARN_OBJC_ROOT_CLASS = YES_ERROR;
				CLANG_WARN_SUSPICIOUS_MOVE = YES;
				CLANG_WARN_UNREACHABLE_CODE = YES;
				CLANG_WARN__DUPLICATE_METHOD_MATCH = YES;
				"CODE_SIGN_IDENTITY[sdk=iphoneos*]" = "iPhone Developer";
				COPY_PHASE_STRIP = NO;
				DEBUG_INFORMATION_FORMAT = "dwarf-with-dsym";
				ENABLE_NS_ASSERTIONS = NO;
				ENABLE_STRICT_OBJC_MSGSEND = YES;
				GCC_C_LANGUAGE_STANDARD = gnu99;
				GCC_NO_COMMON_BLOCKS = YES;
				GCC_WARN_64_TO_32_BIT_CONVERSION = YES;
				GCC_WARN_ABOUT_RETURN_TYPE = YES_ERROR;
				GCC_WARN_UNDECLARED_SELECTOR = YES;
				GCC_WARN_UNINITIALIZED_AUTOS = YES_AGGRESSIVE;
				GCC_WARN_UNUSED_FUNCTION = YES;
				GCC_WARN_UNUSED_VARIABLE = YES;
				IPHONEOS_DEPLOYMENT_TARGET = 10.3;
				MTL_ENABLE_DEBUG_INFO = NO;
				SDKROOT = iphoneos;
				SWIFT_OPTIMIZATION_LEVEL = "-Owholemodule";
				VALIDATE_PRODUCT = YES;
			};
			name = Release;
		};
		19DA26D91F91FB9600C659B4 /* Debug */ = {
			isa = XCBuildConfiguration;
			baseConfigurationReference = EDF4CAB0B453413255F49181 /* Pods-weibo.debug.xcconfig */;
			buildSettings = {
				ASSETCATALOG_COMPILER_APPICON_NAME = AppIcon;
				DEVELOPMENT_TEAM = F944EVG5N6;
				INFOPLIST_FILE = weibo/Info.plist;
				IPHONEOS_DEPLOYMENT_TARGET = 9.0;
				LD_RUNPATH_SEARCH_PATHS = "$(inherited) @executable_path/Frameworks";
				PRODUCT_BUNDLE_IDENTIFIER = im.syc.weibo;
				PRODUCT_NAME = "$(TARGET_NAME)";
				SWIFT_VERSION = 3.0;
			};
			name = Debug;
		};
		19DA26DA1F91FB9600C659B4 /* Release */ = {
			isa = XCBuildConfiguration;
			baseConfigurationReference = 106EEB35FA120E3D5AD758EC /* Pods-weibo.release.xcconfig */;
			buildSettings = {
				ASSETCATALOG_COMPILER_APPICON_NAME = AppIcon;
				DEVELOPMENT_TEAM = F944EVG5N6;
				INFOPLIST_FILE = weibo/Info.plist;
				IPHONEOS_DEPLOYMENT_TARGET = 9.0;
				LD_RUNPATH_SEARCH_PATHS = "$(inherited) @executable_path/Frameworks";
				PRODUCT_BUNDLE_IDENTIFIER = im.syc.weibo;
				PRODUCT_NAME = "$(TARGET_NAME)";
				SWIFT_VERSION = 3.0;
			};
			name = Release;
		};
/* End XCBuildConfiguration section */

/* Begin XCConfigurationList section */
		19DA26C11F91FB9600C659B4 /* Build configuration list for PBXProject "weibo" */ = {
			isa = XCConfigurationList;
			buildConfigurations = (
				19DA26D61F91FB9600C659B4 /* Debug */,
				19DA26D71F91FB9600C659B4 /* Release */,
			);
			defaultConfigurationIsVisible = 0;
			defaultConfigurationName = Release;
		};
		19DA26D81F91FB9600C659B4 /* Build configuration list for PBXNativeTarget "weibo" */ = {
			isa = XCConfigurationList;
			buildConfigurations = (
				19DA26D91F91FB9600C659B4 /* Debug */,
				19DA26DA1F91FB9600C659B4 /* Release */,
			);
			defaultConfigurationIsVisible = 0;
			defaultConfigurationName = Release;
		};
/* End XCConfigurationList section */
	};
	rootObject = 19DA26BE1F91FB9600C659B4 /* Project object */;
}
